// !$*UTF8*$!
{
	archiveVersion = 1;
	classes = {
	};
	objectVersion = 50;
	objects = {

/* Begin PBXBuildFile section */
		B465342A223F3CFB0061AC4B /* AppDelegate.m in Sources */ = {isa = PBXBuildFile; fileRef = B4653429223F3CFB0061AC4B /* AppDelegate.m */; };
		B465342D223F3CFB0061AC4B /* ViewController.m in Sources */ = {isa = PBXBuildFile; fileRef = B465342C223F3CFB0061AC4B /* ViewController.m */; };
		B4653430223F3CFB0061AC4B /* Main.storyboard in Resources */ = {isa = PBXBuildFile; fileRef = B465342E223F3CFB0061AC4B /* Main.storyboard */; };
		B4653432223F3D0B0061AC4B /* Assets.xcassets in Resources */ = {isa = PBXBuildFile; fileRef = B4653431223F3D0B0061AC4B /* Assets.xcassets */; };
		B4653435223F3D0B0061AC4B /* LaunchScreen.storyboard in Resources */ = {isa = PBXBuildFile; fileRef = B4653433223F3D0B0061AC4B /* LaunchScreen.storyboard */; };
		B4653438223F3D0B0061AC4B /* main.m in Sources */ = {isa = PBXBuildFile; fileRef = B4653437223F3D0B0061AC4B /* main.m */; };
		B4653442223F3D0B0061AC4B /* waiterTests.m in Sources */ = {isa = PBXBuildFile; fileRef = B4653441223F3D0B0061AC4B /* waiterTests.m */; };
		B465344D223F3D0B0061AC4B /* waiterUITests.m in Sources */ = {isa = PBXBuildFile; fileRef = B465344C223F3D0B0061AC4B /* waiterUITests.m */; };
/* End PBXBuildFile section */

/* Begin PBXContainerItemProxy section */
		B465343E223F3D0B0061AC4B /* PBXContainerItemProxy */ = {
			isa = PBXContainerItemProxy;
			containerPortal = B465341D223F3CFB0061AC4B /* Project object */;
			proxyType = 1;
			remoteGlobalIDString = B4653424223F3CFB0061AC4B;
			remoteInfo = waiter;
		};
		B4653449223F3D0B0061AC4B /* PBXContainerItemProxy */ = {
			isa = PBXContainerItemProxy;
			containerPortal = B465341D223F3CFB0061AC4B /* Project object */;
			proxyType = 1;
			remoteGlobalIDString = B4653424223F3CFB0061AC4B;
			remoteInfo = waiter;
		};
/* End PBXContainerItemProxy section */

/* Begin PBXFileReference section */
		B4653425223F3CFB0061AC4B /* waiter.app */ = {isa = PBXFileReference; explicitFileType = wrapper.application; includeInIndex = 0; path = waiter.app; sourceTree = BUILT_PRODUCTS_DIR; };
		B4653428223F3CFB0061AC4B /* AppDelegate.h */ = {isa = PBXFileReference; lastKnownFileType = sourcecode.c.h; path = AppDelegate.h; sourceTree = "<group>"; };
		B4653429223F3CFB0061AC4B /* AppDelegate.m */ = {isa = PBXFileReference; lastKnownFileType = sourcecode.c.objc; path = AppDelegate.m; sourceTree = "<group>"; };
		B465342B223F3CFB0061AC4B /* ViewController.h */ = {isa = PBXFileReference; lastKnownFileType = sourcecode.c.h; path = ViewController.h; sourceTree = "<group>"; };
		B465342C223F3CFB0061AC4B /* ViewController.m */ = {isa = PBXFileReference; lastKnownFileType = sourcecode.c.objc; path = ViewController.m; sourceTree = "<group>"; };
		B465342F223F3CFB0061AC4B /* Base */ = {isa = PBXFileReference; lastKnownFileType = file.storyboard; name = Base; path = Base.lproj/Main.storyboard; sourceTree = "<group>"; };
		B4653431223F3D0B0061AC4B /* Assets.xcassets */ = {isa = PBXFileReference; lastKnownFileType = folder.assetcatalog; path = Assets.xcassets; sourceTree = "<group>"; };
		B4653434223F3D0B0061AC4B /* Base */ = {isa = PBXFileReference; lastKnownFileType = file.storyboard; name = Base; path = Base.lproj/LaunchScreen.storyboard; sourceTree = "<group>"; };
		B4653436223F3D0B0061AC4B /* Info.plist */ = {isa = PBXFileReference; lastKnownFileType = text.plist.xml; path = Info.plist; sourceTree = "<group>"; };
		B4653437223F3D0B0061AC4B /* main.m */ = {isa = PBXFileReference; lastKnownFileType = sourcecode.c.objc; path = main.m; sourceTree = "<group>"; };
		B465343D223F3D0B0061AC4B /* waiterTests.xctest */ = {isa = PBXFileReference; explicitFileType = wrapper.cfbundle; includeInIndex = 0; path = waiterTests.xctest; sourceTree = BUILT_PRODUCTS_DIR; };
		B4653441223F3D0B0061AC4B /* waiterTests.m */ = {isa = PBXFileReference; lastKnownFileType = sourcecode.c.objc; path = waiterTests.m; sourceTree = "<group>"; };
		B4653443223F3D0B0061AC4B /* Info.plist */ = {isa = PBXFileReference; lastKnownFileType = text.plist.xml; path = Info.plist; sourceTree = "<group>"; };
		B4653448223F3D0B0061AC4B /* waiterUITests.xctest */ = {isa = PBXFileReference; explicitFileType = wrapper.cfbundle; includeInIndex = 0; path = waiterUITests.xctest; sourceTree = BUILT_PRODUCTS_DIR; };
		B465344C223F3D0B0061AC4B /* waiterUITests.m */ = {isa = PBXFileReference; lastKnownFileType = sourcecode.c.objc; path = waiterUITests.m; sourceTree = "<group>"; };
		B465344E223F3D0B0061AC4B /* Info.plist */ = {isa = PBXFileReference; lastKnownFileType = text.plist.xml; path = Info.plist; sourceTree = "<group>"; };
/* End PBXFileReference section */

/* Begin PBXFrameworksBuildPhase section */
		B4653422223F3CFB0061AC4B /* Frameworks */ = {
			isa = PBXFrameworksBuildPhase;
			buildActionMask = 2147483647;
			files = (
			);
			runOnlyForDeploymentPostprocessing = 0;
		};
		B465343A223F3D0B0061AC4B /* Frameworks */ = {
			isa = PBXFrameworksBuildPhase;
			buildActionMask = 2147483647;
			files = (
			);
			runOnlyForDeploymentPostprocessing = 0;
		};
		B4653445223F3D0B0061AC4B /* Frameworks */ = {
			isa = PBXFrameworksBuildPhase;
			buildActionMask = 2147483647;
			files = (
			);
			runOnlyForDeploymentPostprocessing = 0;
		};
/* End PBXFrameworksBuildPhase section */

/* Begin PBXGroup section */
		B465341C223F3CFB0061AC4B = {
			isa = PBXGroup;
			children = (
				B4653427223F3CFB0061AC4B /* waiter */,
				B4653440223F3D0B0061AC4B /* waiterTests */,
				B465344B223F3D0B0061AC4B /* waiterUITests */,
				B4653426223F3CFB0061AC4B /* Products */,
			);
			sourceTree = "<group>";
		};
		B4653426223F3CFB0061AC4B /* Products */ = {
			isa = PBXGroup;
			children = (
				B4653425223F3CFB0061AC4B /* waiter.app */,
				B465343D223F3D0B0061AC4B /* waiterTests.xctest */,
				B4653448223F3D0B0061AC4B /* waiterUITests.xctest */,
			);
			name = Products;
			sourceTree = "<group>";
		};
		B4653427223F3CFB0061AC4B /* waiter */ = {
			isa = PBXGroup;
			children = (
				B4653428223F3CFB0061AC4B /* AppDelegate.h */,
				B4653429223F3CFB0061AC4B /* AppDelegate.m */,
				B465342B223F3CFB0061AC4B /* ViewController.h */,
				B465342C223F3CFB0061AC4B /* ViewController.m */,
				B465342E223F3CFB0061AC4B /* Main.storyboard */,
				B4653431223F3D0B0061AC4B /* Assets.xcassets */,
				B4653433223F3D0B0061AC4B /* LaunchScreen.storyboard */,
				B4653436223F3D0B0061AC4B /* Info.plist */,
				B4653437223F3D0B0061AC4B /* main.m */,
			);
			path = waiter;
			sourceTree = "<group>";
		};
		B4653440223F3D0B0061AC4B /* waiterTests */ = {
			isa = PBXGroup;
			children = (
				B4653441223F3D0B0061AC4B /* waiterTests.m */,
				B4653443223F3D0B0061AC4B /* Info.plist */,
			);
			path = waiterTests;
			sourceTree = "<group>";
		};
		B465344B223F3D0B0061AC4B /* waiterUITests */ = {
			isa = PBXGroup;
			children = (
				B465344C223F3D0B0061AC4B /* waiterUITests.m */,
				B465344E223F3D0B0061AC4B /* Info.plist */,
			);
			path = waiterUITests;
			sourceTree = "<group>";
		};
/* End PBXGroup section */

/* Begin PBXNativeTarget section */
		B4653424223F3CFB0061AC4B /* waiter */ = {
			isa = PBXNativeTarget;
			buildConfigurationList = B4653451223F3D0B0061AC4B /* Build configuration list for PBXNativeTarget "waiter" */;
			buildPhases = (
				B4653421223F3CFB0061AC4B /* Sources */,
				B4653422223F3CFB0061AC4B /* Frameworks */,
				B4653423223F3CFB0061AC4B /* Resources */,
			);
			buildRules = (
			);
			dependencies = (
			);
			name = waiter;
			productName = waiter;
			productReference = B4653425223F3CFB0061AC4B /* waiter.app */;
			productType = "com.apple.product-type.application";
		};
		B465343C223F3D0B0061AC4B /* waiterTests */ = {
			isa = PBXNativeTarget;
			buildConfigurationList = B4653454223F3D0B0061AC4B /* Build configuration list for PBXNativeTarget "waiterTests" */;
			buildPhases = (
				B4653439223F3D0B0061AC4B /* Sources */,
				B465343A223F3D0B0061AC4B /* Frameworks */,
				B465343B223F3D0B0061AC4B /* Resources */,
			);
			buildRules = (
			);
			dependencies = (
				B465343F223F3D0B0061AC4B /* PBXTargetDependency */,
			);
			name = waiterTests;
			productName = waiterTests;
			productReference = B465343D223F3D0B0061AC4B /* waiterTests.xctest */;
			productType = "com.apple.product-type.bundle.unit-test";
		};
		B4653447223F3D0B0061AC4B /* waiterUITests */ = {
			isa = PBXNativeTarget;
			buildConfigurationList = B4653457223F3D0B0061AC4B /* Build configuration list for PBXNativeTarget "waiterUITests" */;
			buildPhases = (
				B4653444223F3D0B0061AC4B /* Sources */,
				B4653445223F3D0B0061AC4B /* Frameworks */,
				B4653446223F3D0B0061AC4B /* Resources */,
			);
			buildRules = (
			);
			dependencies = (
				B465344A223F3D0B0061AC4B /* PBXTargetDependency */,
			);
			name = waiterUITests;
			productName = waiterUITests;
			productReference = B4653448223F3D0B0061AC4B /* waiterUITests.xctest */;
			productType = "com.apple.product-type.bundle.ui-testing";
		};
/* End PBXNativeTarget section */

/* Begin PBXProject section */
		B465341D223F3CFB0061AC4B /* Project object */ = {
			isa = PBXProject;
			attributes = {
				LastUpgradeCheck = 1010;
				ORGANIZATIONNAME = renxin;
				TargetAttributes = {
					B4653424223F3CFB0061AC4B = {
						CreatedOnToolsVersion = 10.1;
					};
					B465343C223F3D0B0061AC4B = {
						CreatedOnToolsVersion = 10.1;
						TestTargetID = B4653424223F3CFB0061AC4B;
					};
					B4653447223F3D0B0061AC4B = {
						CreatedOnToolsVersion = 10.1;
						TestTargetID = B4653424223F3CFB0061AC4B;
					};
				};
			};
			buildConfigurationList = B4653420223F3CFB0061AC4B /* Build configuration list for PBXProject "waiter" */;
			compatibilityVersion = "Xcode 9.3";
			developmentRegion = en;
			hasScannedForEncodings = 0;
			knownRegions = (
				en,
				Base,
			);
			mainGroup = B465341C223F3CFB0061AC4B;
			productRefGroup = B4653426223F3CFB0061AC4B /* Products */;
			projectDirPath = "";
			projectRoot = "";
			targets = (
				B4653424223F3CFB0061AC4B /* waiter */,
				B465343C223F3D0B0061AC4B /* waiterTests */,
				B4653447223F3D0B0061AC4B /* waiterUITests */,
			);
		};
/* End PBXProject section */

/* Begin PBXResourcesBuildPhase section */
		B4653423223F3CFB0061AC4B /* Resources */ = {
			isa = PBXResourcesBuildPhase;
			buildActionMask = 2147483647;
			files = (
				B4653435223F3D0B0061AC4B /* LaunchScreen.storyboard in Resources */,
				B4653432223F3D0B0061AC4B /* Assets.xcassets in Resources */,
				B4653430223F3CFB0061AC4B /* Main.storyboard in Resources */,
			);
			runOnlyForDeploymentPostprocessing = 0;
		};
		B465343B223F3D0B0061AC4B /* Resources */ = {
			isa = PBXResourcesBuildPhase;
			buildActionMask = 2147483647;
			files = (
			);
			runOnlyForDeploymentPostprocessing = 0;
		};
		B4653446223F3D0B0061AC4B /* Resources */ = {
			isa = PBXResourcesBuildPhase;
			buildActionMask = 2147483647;
			files = (
			);
			runOnlyForDeploymentPostprocessing = 0;
		};
/* End PBXResourcesBuildPhase section */

/* Begin PBXSourcesBuildPhase section */
		B4653421223F3CFB0061AC4B /* Sources */ = {
			isa = PBXSourcesBuildPhase;
			buildActionMask = 2147483647;
			files = (
				B465342D223F3CFB0061AC4B /* ViewController.m in Sources */,
				B4653438223F3D0B0061AC4B /* main.m in Sources */,
				B465342A223F3CFB0061AC4B /* AppDelegate.m in Sources */,
			);
			runOnlyForDeploymentPostprocessing = 0;
		};
		B4653439223F3D0B0061AC4B /* Sources */ = {
			isa = PBXSourcesBuildPhase;
			buildActionMask = 2147483647;
			files = (
				B4653442223F3D0B0061AC4B /* waiterTests.m in Sources */,
			);
			runOnlyForDeploymentPostprocessing = 0;
		};
		B4653444223F3D0B0061AC4B /* Sources */ = {
			isa = PBXSourcesBuildPhase;
			buildActionMask = 2147483647;
			files = (
				B465344D223F3D0B0061AC4B /* waiterUITests.m in Sources */,
			);
			runOnlyForDeploymentPostprocessing = 0;
		};
/* End PBXSourcesBuildPhase section */

/* Begin PBXTargetDependency section */
		B465343F223F3D0B0061AC4B /* PBXTargetDependency */ = {
			isa = PBXTargetDependency;
			target = B4653424223F3CFB0061AC4B /* waiter */;
			targetProxy = B465343E223F3D0B0061AC4B /* PBXContainerItemProxy */;
		};
		B465344A223F3D0B0061AC4B /* PBXTargetDependency */ = {
			isa = PBXTargetDependency;
			target = B4653424223F3CFB0061AC4B /* waiter */;
			targetProxy = B4653449223F3D0B0061AC4B /* PBXContainerItemProxy */;
		};
/* End PBXTargetDependency section */

/* Begin PBXVariantGroup section */
		B465342E223F3CFB0061AC4B /* Main.storyboard */ = {
			isa = PBXVariantGroup;
			children = (
				B465342F223F3CFB0061AC4B /* Base */,
			);
			name = Main.storyboard;
			sourceTree = "<group>";
		};
		B4653433223F3D0B0061AC4B /* LaunchScreen.storyboard */ = {
			isa = PBXVariantGroup;
			children = (
				B4653434223F3D0B0061AC4B /* Base */,
			);
			name = LaunchScreen.storyboard;
			sourceTree = "<group>";
		};
/* End PBXVariantGroup section */

/* Begin XCBuildConfiguration section */
		B465344F223F3D0B0061AC4B /* Debug */ = {
			isa = XCBuildConfiguration;
			buildSettings = {
				ALWAYS_SEARCH_USER_PATHS = NO;
				CLANG_ANALYZER_NONNULL = YES;
				CLANG_ANALYZER_NUMBER_OBJECT_CONVERSION = YES_AGGRESSIVE;
				CLANG_CXX_LANGUAGE_STANDARD = "gnu++14";
				CLANG_CXX_LIBRARY = "libc++";
				CLANG_ENABLE_MODULES = YES;
				CLANG_ENABLE_OBJC_ARC = YES;
				CLANG_ENABLE_OBJC_WEAK = YES;
				CLANG_WARN_BLOCK_CAPTURE_AUTORELEASING = YES;
				CLANG_WARN_BOOL_CONVERSION = YES;
				CLANG_WARN_COMMA = YES;
				CLANG_WARN_CONSTANT_CONVERSION = YES;
				CLANG_WARN_DEPRECATED_OBJC_IMPLEMENTATIONS = YES;
				CLANG_WARN_DIRECT_OBJC_ISA_USAGE = YES_ERROR;
				CLANG_WARN_DOCUMENTATION_COMMENTS = YES;
				CLANG_WARN_EMPTY_BODY = YES;
				CLANG_WARN_ENUM_CONVERSION = YES;
				CLANG_WARN_INFINITE_RECURSION = YES;
				CLANG_WARN_INT_CONVERSION = YES;
				CLANG_WARN_NON_LITERAL_NULL_CONVERSION = YES;
				CLANG_WARN_OBJC_IMPLICIT_RETAIN_SELF = YES;
				CLANG_WARN_OBJC_LITERAL_CONVERSION = YES;
				CLANG_WARN_OBJC_ROOT_CLASS = YES_ERROR;
				CLANG_WARN_RANGE_LOOP_ANALYSIS = YES;
				CLANG_WARN_STRICT_PROTOTYPES = YES;
				CLANG_WARN_SUSPICIOUS_MOVE = YES;
				CLANG_WARN_UNGUARDED_AVAILABILITY = YES_AGGRESSIVE;
				CLANG_WARN_UNREACHABLE_CODE = YES;
				CLANG_WARN__DUPLICATE_METHOD_MATCH = YES;
				CODE_SIGN_IDENTITY = "iPhone Developer";
				COPY_PHASE_STRIP = NO;
				DEBUG_INFORMATION_FORMAT = dwarf;
				ENABLE_STRICT_OBJC_MSGSEND = YES;
				ENABLE_TESTABILITY = YES;
				GCC_C_LANGUAGE_STANDARD = gnu11;
				GCC_DYNAMIC_NO_PIC = NO;
				GCC_NO_COMMON_BLOCKS = YES;
				GCC_OPTIMIZATION_LEVEL = 0;
				GCC_PREPROCESSOR_DEFINITIONS = (
					"DEBUG=1",
					"$(inherited)",
				);
				GCC_WARN_64_TO_32_BIT_CONVERSION = YES;
				GCC_WARN_ABOUT_RETURN_TYPE = YES_ERROR;
				GCC_WARN_UNDECLARED_SELECTOR = YES;
				GCC_WARN_UNINITIALIZED_AUTOS = YES_AGGRESSIVE;
				GCC_WARN_UNUSED_FUNCTION = YES;
				GCC_WARN_UNUSED_VARIABLE = YES;
				IPHONEOS_DEPLOYMENT_TARGET = 12.1;
				MTL_ENABLE_DEBUG_INFO = INCLUDE_SOURCE;
				MTL_FAST_MATH = YES;
				ONLY_ACTIVE_ARCH = YES;
				SDKROOT = iphoneos;
			};
			name = Debug;
		};
		B4653450223F3D0B0061AC4B /* Release */ = {
			isa = XCBuildConfiguration;
			buildSettings = {
				ALWAYS_SEARCH_USER_PATHS = NO;
				CLANG_ANALYZER_NONNULL = YES;
				CLANG_ANALYZER_NUMBER_OBJECT_CONVERSION = YES_AGGRESSIVE;
				CLANG_CXX_LANGUAGE_STANDARD = "gnu++14";
				CLANG_CXX_LIBRARY = "libc++";
				CLANG_ENABLE_MODULES = YES;
				CLANG_ENABLE_OBJC_ARC = YES;
				CLANG_ENABLE_OBJC_WEAK = YES;
				CLANG_WARN_BLOCK_CAPTURE_AUTORELEASING = YES;
				CLANG_WARN_BOOL_CONVERSION = YES;
				CLANG_WARN_COMMA = YES;
				CLANG_WARN_CONSTANT_CONVERSION = YES;
				CLANG_WARN_DEPRECATED_OBJC_IMPLEMENTATIONS = YES;
				CLANG_WARN_DIRECT_OBJC_ISA_USAGE = YES_ERROR;
				CLANG_WARN_DOCUMENTATION_COMMENTS = YES;
				CLANG_WARN_EMPTY_BODY = YES;
				CLANG_WARN_ENUM_CONVERSION = YES;
				CLANG_WARN_INFINITE_RECURSION = YES;
				CLANG_WARN_INT_CONVERSION = YES;
				CLANG_WARN_NON_LITERAL_NULL_CONVERSION = YES;
				CLANG_WARN_OBJC_IMPLICIT_RETAIN_SELF = YES;
				CLANG_WARN_OBJC_LITERAL_CONVERSION = YES;
				CLANG_WARN_OBJC_ROOT_CLASS = YES_ERROR;
				CLANG_WARN_RANGE_LOOP_ANALYSIS = YES;
				CLANG_WARN_STRICT_PROTOTYPES = YES;
				CLANG_WARN_SUSPICIOUS_MOVE = YES;
				CLANG_WARN_UNGUARDED_AVAILABILITY = YES_AGGRESSIVE;
				CLANG_WARN_UNREACHABLE_CODE = YES;
				CLANG_WARN__DUPLICATE_METHOD_MATCH = YES;
				CODE_SIGN_IDENTITY = "iPhone Developer";
				COPY_PHASE_STRIP = NO;
				DEBUG_INFORMATION_FORMAT = "dwarf-with-dsym";
				ENABLE_NS_ASSERTIONS = NO;
				ENABLE_STRICT_OBJC_MSGSEND = YES;
				GCC_C_LANGUAGE_STANDARD = gnu11;
				GCC_NO_COMMON_BLOCKS = YES;
				GCC_WARN_64_TO_32_BIT_CONVERSION = YES;
				GCC_WARN_ABOUT_RETURN_TYPE = YES_ERROR;
				GCC_WARN_UNDECLARED_SELECTOR = YES;
				GCC_WARN_UNINITIALIZED_AUTOS = YES_AGGRESSIVE;
				GCC_WARN_UNUSED_FUNCTION = YES;
				GCC_WARN_UNUSED_VARIABLE = YES;
				IPHONEOS_DEPLOYMENT_TARGET = 12.1;
				MTL_ENABLE_DEBUG_INFO = NO;
				MTL_FAST_MATH = YES;
				SDKROOT = iphoneos;
				VALIDATE_PRODUCT = YES;
			};
			name = Release;
		};
		B4653452223F3D0B0061AC4B /* Debug */ = {
			isa = XCBuildConfiguration;
			buildSettings = {
				ASSETCATALOG_COMPILER_APPICON_NAME = AppIcon;
				CODE_SIGN_STYLE = Automatic;
				DEVELOPMENT_TEAM = 7589N8HBD6;
				INFOPLIST_FILE = waiter/Info.plist;
				LD_RUNPATH_SEARCH_PATHS = (
					"$(inherited)",
					"@executable_path/Frameworks",
				);
				PRODUCT_BUNDLE_IDENTIFIER = metro.waiter;
				PRODUCT_NAME = "$(TARGET_NAME)";
				TARGETED_DEVICE_FAMILY = "1,2";
			};
			name = Debug;
		};
		B4653453223F3D0B0061AC4B /* Release */ = {
			isa = XCBuildConfiguration;
			buildSettings = {
				ASSETCATALOG_COMPILER_APPICON_NAME = AppIcon;
				CODE_SIGN_STYLE = Automatic;
				DEVELOPMENT_TEAM = 7589N8HBD6;
				INFOPLIST_FILE = waiter/Info.plist;
				LD_RUNPATH_SEARCH_PATHS = (
					"$(inherited)",
					"@executable_path/Frameworks",
				);
				PRODUCT_BUNDLE_IDENTIFIER = metro.waiter;
				PRODUCT_NAME = "$(TARGET_NAME)";
				TARGETED_DEVICE_FAMILY = "1,2";
			};
			name = Release;
		};
		B4653455223F3D0B0061AC4B /* Debug */ = {
			isa = XCBuildConfiguration;
			buildSettings = {
				BUNDLE_LOADER = "$(TEST_HOST)";
				CODE_SIGN_STYLE = Automatic;
				DEVELOPMENT_TEAM = 7589N8HBD6;
				INFOPLIST_FILE = waiterTests/Info.plist;
				LD_RUNPATH_SEARCH_PATHS = (
					"$(inherited)",
					"@executable_path/Frameworks",
					"@loader_path/Frameworks",
				);
				PRODUCT_BUNDLE_IDENTIFIER = metro.waiterTests;
				PRODUCT_NAME = "$(TARGET_NAME)";
				TARGETED_DEVICE_FAMILY = "1,2";
				TEST_HOST = "$(BUILT_PRODUCTS_DIR)/waiter.app/waiter";
			};
			name = Debug;
		};
		B4653456223F3D0B0061AC4B /* Release */ = {
			isa = XCBuildConfiguration;
			buildSettings = {
				BUNDLE_LOADER = "$(TEST_HOST)";
				CODE_SIGN_STYLE = Automatic;
				DEVELOPMENT_TEAM = 7589N8HBD6;
				INFOPLIST_FILE = waiterTests/Info.plist;
				LD_RUNPATH_SEARCH_PATHS = (
					"$(inherited)",
					"@executable_path/Frameworks",
					"@loader_path/Frameworks",
				);
				PRODUCT_BUNDLE_IDENTIFIER = metro.waiterTests;
				PRODUCT_NAME = "$(TARGET_NAME)";
				TARGETED_DEVICE_FAMILY = "1,2";
				TEST_HOST = "$(BUILT_PRODUCTS_DIR)/waiter.app/waiter";
			};
			name = Release;
		};
		B4653458223F3D0B0061AC4B /* Debug */ = {
			isa = XCBuildConfiguration;
			buildSettings = {
				CODE_SIGN_STYLE = Automatic;
				DEVELOPMENT_TEAM = 7589N8HBD6;
				INFOPLIST_FILE = waiterUITests/Info.plist;
				LD_RUNPATH_SEARCH_PATHS = (
					"$(inherited)",
					"@executable_path/Frameworks",
					"@loader_path/Frameworks",
				);
				PRODUCT_BUNDLE_IDENTIFIER = metro.waiterUITests;
				PRODUCT_NAME = "$(TARGET_NAME)";
				TARGETED_DEVICE_FAMILY = "1,2";
				TEST_TARGET_NAME = waiter;
			};
			name = Debug;
		};
		B4653459223F3D0B0061AC4B /* Release */ = {
			isa = XCBuildConfiguration;
			buildSettings = {
				CODE_SIGN_STYLE = Automatic;
				DEVELOPMENT_TEAM = 7589N8HBD6;
				INFOPLIST_FILE = waiterUITests/Info.plist;
				LD_RUNPATH_SEARCH_PATHS = (
					"$(inherited)",
					"@executable_path/Frameworks",
					"@loader_path/Frameworks",
				);
				PRODUCT_BUNDLE_IDENTIFIER = metro.waiterUITests;
				PRODUCT_NAME = "$(TARGET_NAME)";
				TARGETED_DEVICE_FAMILY = "1,2";
				TEST_TARGET_NAME = waiter;
			};
			name = Release;
		};
/* End XCBuildConfiguration section */

/* Begin XCConfigurationList section */
		B4653420223F3CFB0061AC4B /* Build configuration list for PBXProject "waiter" */ = {
			isa = XCConfigurationList;
			buildConfigurations = (
				B465344F223F3D0B0061AC4B /* Debug */,
				B4653450223F3D0B0061AC4B /* Release */,
			);
			defaultConfigurationIsVisible = 0;
			defaultConfigurationName = Release;
		};
		B4653451223F3D0B0061AC4B /* Build configuration list for PBXNativeTarget "waiter" */ = {
			isa = XCConfigurationList;
			buildConfigurations = (
				B4653452223F3D0B0061AC4B /* Debug */,
				B4653453223F3D0B0061AC4B /* Release */,
			);
			defaultConfigurationIsVisible = 0;
			defaultConfigurationName = Release;
		};
		B4653454223F3D0B0061AC4B /* Build configuration list for PBXNativeTarget "waiterTests" */ = {
			isa = XCConfigurationList;
			buildConfigurations = (
				B4653455223F3D0B0061AC4B /* Debug */,
				B4653456223F3D0B0061AC4B /* Release */,
			);
			defaultConfigurationIsVisible = 0;
			defaultConfigurationName = Release;
		};
		B4653457223F3D0B0061AC4B /* Build configuration list for PBXNativeTarget "waiterUITests" */ = {
			isa = XCConfigurationList;
			buildConfigurations = (
				B4653458223F3D0B0061AC4B /* Debug */,
				B4653459223F3D0B0061AC4B /* Release */,
			);
			defaultConfigurationIsVisible = 0;
			defaultConfigurationName = Release;
		};
/* End XCConfigurationList section */
	};
	rootObject = B465341D223F3CFB0061AC4B /* Project object */;
}
